
Microsoft Visual Studio Solution File, Format Version 12.00
# Visual Studio 2012
Project("{E24C65DC-7377-472B-9ABA-BC803B73C61A}") = "BackboneVSMarionette", ".", "{99943508-9844-4E56-A74F-A4429C8532AE}"
	ProjectSection(WebsiteProperties) = preProject
		TargetFrameworkMoniker = ".NETFramework,Version%3Dv4.0"
		Debug.AspNetCompiler.VirtualPath = "/BackboneVSMarionette"
		Debug.AspNetCompiler.PhysicalPath = "..\BackboneVSMarionette\"
		Debug.AspNetCompiler.TargetPath = "PrecompiledWeb\BackboneVSMarionette\"
		Debug.AspNetCompiler.Updateable = "true"
		Debug.AspNetCompiler.ForceOverwrite = "true"
		Debug.AspNetCompiler.FixedNames = "false"
		Debug.AspNetCompiler.Debug = "True"
		Release.AspNetCompiler.VirtualPath = "/BackboneVSMarionette"
		Release.AspNetCompiler.PhysicalPath = "..\BackboneVSMarionette\"
		Release.AspNetCompiler.TargetPath = "PrecompiledWeb\BackboneVSMarionette\"
		Release.AspNetCompiler.Updateable = "true"
		Release.AspNetCompiler.ForceOverwrite = "true"
		Release.AspNetCompiler.FixedNames = "false"
		Release.AspNetCompiler.Debug = "False"
		VWDPort = "50510"
	EndProjectSection
EndProject
Global
	GlobalSection(SolutionConfigurationPlatforms) = preSolution
		Debug|Any CPU = Debug|Any CPU
	EndGlobalSection
	GlobalSection(ProjectConfigurationPlatforms) = postSolution
		{99943508-9844-4E56-A74F-A4429C8532AE}.Debug|Any CPU.ActiveCfg = Debug|Any CPU
		{99943508-9844-4E56-A74F-A4429C8532AE}.Debug|Any CPU.Build.0 = Debug|Any CPU
	EndGlobalSection
	GlobalSection(SolutionProperties) = preSolution
		HideSolutionNode = FALSE
	EndGlobalSection
EndGlobal
